
Microsoft Visual Studio Solution File, Format Version 12.00
# Visual Studio Version 17
VisualStudioVersion = 17.6.33829.357
MinimumVisualStudioVersion = 10.0.40219.1
Project("{9A19103F-16F7-4668-BE54-9A1E7A4F7556}") = "ManageFunctionAppWithAuthentication", "ManageFunctionAppWithAuthentication.csproj", "{AE9EC91B-B3C0-48B1-B48C-B2206A48C99E}"
EndProject
Global
	GlobalSection(SolutionConfigurationPlatforms) = preSolution
		Debug|Any CPU = Debug|Any CPU
		Release|Any CPU = Release|Any CPU
	EndGlobalSection
	GlobalSection(ProjectConfigurationPlatforms) = postSolution
		{AE9EC91B-B3C0-48B1-B48C-B2206A48C99E}.Debug|Any CPU.ActiveCfg = Debug|Any CPU
		{AE9EC91B-B3C0-48B1-B48C-B2206A48C99E}.Debug|Any CPU.Build.0 = Debug|Any CPU
		{AE9EC91B-B3C0-48B1-B48C-B2206A48C99E}.Release|Any CPU.ActiveCfg = Release|Any CPU
		{AE9EC91B-B3C0-48B1-B48C-B2206A48C99E}.Release|Any CPU.Build.0 = Release|Any CPU
	EndGlobalSection
	GlobalSection(SolutionProperties) = preSolution
		HideSolutionNode = FALSE
	EndGlobalSection
	GlobalSection(ExtensibilityGlobals) = postSolution
		SolutionGuid = {AA81CC08-330B-47A4-9AFB-74F750A6970F}
	EndGlobalSection
EndGlobal
